
Microsoft Visual Studio Solution File, Format Version 12.00
# Visual Studio Version 17
VisualStudioVersion = 17.9.34622.214
MinimumVisualStudioVersion = 10.0.40219.1
Project("{FAE04EC0-301F-11D3-BF4B-00C04F79EFBC}") = "Term", "Term\Term.csproj", "{0E69C272-2300-40F9-89E0-DE7CC826E40D}"
EndProject
Global
	GlobalSection(SolutionConfigurationPlatforms) = preSolution
		Debug|Any CPU = Debug|Any CPU
		Release|Any CPU = Release|Any CPU
	EndGlobalSection
	GlobalSection(ProjectConfigurationPlatforms) = postSolution
		{0E69C272-2300-40F9-89E0-DE7CC826E40D}.Debug|Any CPU.ActiveCfg = Debug|Any CPU
		{0E69C272-2300-40F9-89E0-DE7CC826E40D}.Debug|Any CPU.Build.0 = Debug|Any CPU
		{0E69C272-2300-40F9-89E0-DE7CC826E40D}.Release|Any CPU.ActiveCfg = Release|Any CPU
		{0E69C272-2300-40F9-89E0-DE7CC826E40D}.Release|Any CPU.Build.0 = Release|Any CPU
	EndGlobalSection
	GlobalSection(SolutionProperties) = preSolution
		HideSolutionNode = FALSE
	EndGlobalSection
	GlobalSection(ExtensibilityGlobals) = postSolution
		SolutionGuid = {68B4D376-6CEA-48E4-9EFB-BD3DEFF1591F}
	EndGlobalSection
EndGlobal
